{
  "nodes": {
    "discord-overlay": {
      "inputs": {
        "nixpkgs": [
          "nixpkgs-unstable"
        ]
      },
      "locked": {
        "lastModified": 1673676812,
        "narHash": "sha256-H5X4rdBOZ8adL/Mx6g6Es49RX3PfvqHUAYBelCtVN3w=",
        "owner": "InternetUnexplorer",
        "repo": "discord-overlay",
        "rev": "f090882f2a91816d66b511689776cbfacd970ea7",
        "type": "github"
      },
      "original": {
        "owner": "InternetUnexplorer",
        "repo": "discord-overlay",
        "type": "github"
      }
    },
    "home-manager": {
      "inputs": {
        "nixpkgs": [
          "nixpkgs"
        ],
        "utils": "utils"
      },
      "locked": {
        "narHash": "sha256-xaZb8AZqoXRCSqPusCk4ouf+fUNP8UJdafmMTF1Ltlw=",
        "type": "tarball",
        "url": "https://github.com/nix-community/home-manager/archive/release-22.11.tar.gz"
      },
      "original": {
        "type": "tarball",
        "url": "https://github.com/nix-community/home-manager/archive/release-22.11.tar.gz"
      }
    },
    "nixpkgs": {
      "locked": {
        "lastModified": 1673800717,
        "narHash": "sha256-SFHraUqLSu5cC6IxTprex/nTsI81ZQAtDvlBvGDWfnA=",
        "owner": "NixOS",
        "repo": "nixpkgs",
        "rev": "2f9fd351ec37f5d479556cd48be4ca340da59b8f",
        "type": "github"
      },
      "original": {
        "id": "nixpkgs",
        "ref": "nixos-22.11",
        "type": "indirect"
      }
    },
    "nixpkgs-unstable": {
      "locked": {
        "lastModified": 1673796341,
        "narHash": "sha256-1kZi9OkukpNmOaPY7S5/+SlCDOuYnP3HkXHvNDyLQcc=",
        "owner": "NixOS",
        "repo": "nixpkgs",
        "rev": "6dccdc458512abce8d19f74195bb20fdb067df50",
        "type": "github"
      },
      "original": {
        "id": "nixpkgs",
        "ref": "nixos-unstable",
        "type": "indirect"
      }
    },
    "root": {
      "inputs": {
        "discord-overlay": "discord-overlay",
        "home-manager": "home-manager",
        "nixpkgs": "nixpkgs",
        "nixpkgs-unstable": "nixpkgs-unstable"
      }
    },
    "utils": {
      "locked": {
        "lastModified": 1667395993,
        "narHash": "sha256-nuEHfE/LcWyuSWnS8t12N1wc105Qtau+/OdUAjtQ0rA=",
        "owner": "numtide",
        "repo": "flake-utils",
        "rev": "5aed5285a952e0b949eb3ba02c12fa4fcfef535f",
        "type": "github"
      },
      "original": {
        "owner": "numtide",
        "repo": "flake-utils",
        "type": "github"
      }
    }
  },
  "root": "root",
  "version": 7
}
